lockfileVersion: '9.0'

settings:
  autoInstallPeers: true
  excludeLinksFromLockfile: false

importers:

  .:
    dependencies:
      magic-string:
        specifier: ^0.30.21
        version: 0.30.21
      rollup:
        specifier: '>=4'
        version: 4.60.3
    devDependencies:
      '@mr-hope/tsconfig':
        specifier: 0.0.4
        version: 0.0.4(typescript@6.0.3)
      oxc-config-hope:
        specifier: 0.3.5
        version: 0.3.5(oxfmt@0.49.0)(oxlint-tsgolint@0.22.1)(oxlint@1.64.0(oxlint-tsgolint@0.22.1))
      oxfmt:
        specifier: 0.49.0
        version: 0.49.0
      oxlint:
        specifier: 1.64.0
        version: 1.64.0(oxlint-tsgolint@0.22.1)
      oxlint-tsgolint:
        specifier: 0.22.1
        version: 0.22.1
      rimraf:
        specifier: 6.1.3
        version: 6.1.3
      tsdown:
        specifier: 0.22.0
        version: 0.22.0(typescript@6.0.3)
      typescript:
        specifier: 6.0.3
        version: 6.0.3

packages:

  '@babel/generator@8.0.0-rc.4':
    resolution: {integrity: sha512-YZ+FuIgkj7KrIb2a2X1XiY0QYgDxAbVbYP64SjwJzOK3euCsUerzenh2oqdsmKuPSlhzmFOOklnxzHAzXagvpw==}
    engines: {node: ^20.19.0 || >=22.12.0}

  '@babel/helper-string-parser@8.0.0-rc.5':
    resolution: {integrity: sha512-sN7R8rBvDurfaziNfDEIjIntlazmlkCDGO4SNl2RJ3wRCn+QxspLV7hzYAE8WWVd2joVuT8sUxeePdLp2idI1A==}
    engines: {node: ^22.18.0 || >=24.11.0}

  '@babel/helper-validator-identifier@8.0.0-rc.4':
    resolution: {integrity: sha512-HTD3bskipk5MSm08twTW6832jzIXUhxMddy4NPPzIMuyMEsrs0ZgwAaMj5ubB5+6hMlUjDu17vNconEmwsmpYg==}
    engines: {node: ^20.19.0 || >=22.12.0}

  '@babel/helper-validator-identifier@8.0.0-rc.5':
    resolution: {integrity: sha512-ehJDxHvtbZ85RtX/L2fi0h9AGsBNqB5Euv1EB8RMAvGYvD+2X+QbpzzOpbklnNXO+WSZJNOaetw2BBj27xsWVg==}
    engines: {node: ^22.18.0 || >=24.11.0}

  '@babel/parser@8.0.0-rc.4':
    resolution: {integrity: sha512-0S/1yefMa15N4i2v3t8Fw9pgMHhf2gF6Lc1UEXI96Ls6FNAjqvHHZouZ2ZS/deqLhbMFtmfVeFac6iTsvFbLwA==}
    engines: {node: ^20.19.0 || >=22.12.0}
    hasBin: true

  '@babel/types@8.0.0-rc.5':
    resolution: {integrity: sha512-JeSVu/m8x/zpp4CLjYHVNXuhEyOkhPXuxM8YOXjh6L4LlvQNKuUNOTo5KdBuKAcTDHw8DquToTaEkhsBqPXOaA==}
    engines: {node: ^22.18.0 || >=24.11.0}

  '@emnapi/core@1.10.0':
    resolution: {integrity: sha512-yq6OkJ4p82CAfPl0u9mQebQHKPJkY7WrIuk205cTYnYe+k2Z8YBh11FrbRG/H6ihirqcacOgl2BIO8oyMQLeXw==}

  '@emnapi/runtime@1.10.0':
    resolution: {integrity: sha512-ewvYlk86xUoGI0zQRNq/mC+16R1QeDlKQy21Ki3oSYXNgLb45GV1P6A0M+/s6nyCuNDqe5VpaY84BzXGwVbwFA==}

  '@emnapi/wasi-threads@1.2.1':
    resolution: {integrity: sha512-uTII7OYF+/Mes/MrcIOYp5yOtSMLBWSIoLPpcgwipoiKbli6k322tcoFsxoIIxPDqW01SQGAgko4EzZi2BNv2w==}

  '@jridgewell/gen-mapping@0.3.13':
    resolution: {integrity: sha512-2kkt/7niJ6MgEPxF0bYdQ6etZaA+fQvDcLKckhy1yIQOzaoKjBBjSj63/aLVjYE3qhRt5dvM+uUyfCg6UKCBbA==}

  '@jridgewell/resolve-uri@3.1.2':
    resolution: {integrity: sha512-bRISgCIjP20/tbWSPWMEi54QVPRZExkuD9lJL+UIxUKtwVJA8wW1Trb1jMs1RFXo1CBTNZ/5hpC9QvmKWdopKw==}
    engines: {node: '>=6.0.0'}

  '@jridgewell/sourcemap-codec@1.5.5':
    resolution: {integrity: sha512-cYQ9310grqxueWbl+WuIUIaiUaDcj7WOq5fVhEljNVgRfOUhY9fy2zTvfoqWsnebh8Sl70VScFbICvJnLKB0Og==}

  '@jridgewell/trace-mapping@0.3.31':
    resolution: {integrity: sha512-zzNR+SdQSDJzc8joaeP8QQoCQr8NuYx2dIIytl1QeBEZHJ9uW6hebsrYgbz8hJwUQao3TWCMtmfV8Nu1twOLAw==}

  '@mr-hope/tsconfig@0.0.4':
    resolution: {integrity: sha512-sHD3OmpHV4hxZDTjdp/0hyUifITCwEN4xHvYQkl779mtpeDZOVj69kj+SJ5+nav+3m9EUx4Q1MgxzQbZlaxwPA==}
    engines: {node: '>=20.0.0'}
    peerDependencies:
      typescript: '>=5.4.0'

  '@napi-rs/wasm-runtime@1.1.4':
    resolution: {integrity: sha512-3NQNNgA1YSlJb/kMH1ildASP9HW7/7kYnRI2szWJaofaS1hWmbGI4H+d3+22aGzXXN9IJ+n+GiFVcGipJP18ow==}
    peerDependencies:
      '@emnapi/core': ^1.7.1
      '@emnapi/runtime': ^1.7.1

  '@oxc-project/types@0.129.0':
    resolution: {integrity: sha512-3oz8m3FGdr2nDXVqmFUw7jolKliC4MoyXYIG2c7gpjBnzUWQpUGIYcXYKxTdTi+N2jusvt610ckTMkxdwHkYEg==}

  '@oxfmt/binding-android-arm-eabi@0.49.0':
    resolution: {integrity: sha512-HbifJ84prIh9+55CTPAU35JdRQrwg47y16cGerCC+iejSKOuHXYo2WDql6l7cQlzrYVtc3f4UWY+dBj2lRmOeA==}
    engines: {node: ^20.19.0 || >=22.12.0}
    cpu: [arm]
    os: [android]

  '@oxfmt/binding-android-arm64@0.49.0':
    resolution: {integrity: sha512-Ef7SKJqAaH2d7E6eXZZa2OffIShbhFMxnGK0zd93p4qiyTJr75B0qf7lrPD+qQOwcf04BrjYJ0JUxq8d5+yZwg==}
    engines: {node: ^20.19.0 || >=22.12.0}
    cpu: [arm64]
    os: [android]

  '@oxfmt/binding-darwin-arm64@0.49.0':
    resolution: {integrity: sha512-8x5DN9CsFfb432sHa9NyqX5XisGUdA53LPEGSdv/VniS+v4uEOR8Orv7A9QSB98Xxgp0t6r31DzQA/wpIobGqQ==}
    engines: {node: ^20.19.0 || >=22.12.0}
    cpu: [arm64]
    os: [darwin]

  '@oxfmt/binding-darwin-x64@0.49.0':
    resolution: {integrity: sha512-e0+DSVzk4ewhMVKNYDaRTmP81jNMBWR1X9al0cVKWS+hDM/dElNqD5zjTOCuLOZc4oOdp2Gx2ldrVL+yYo9TZQ==}
    engines: {node: ^20.19.0 || >=22.12.0}
    cpu: [x64]
    os: [darwin]

  '@oxfmt/binding-freebsd-x64@0.49.0':
    resolution: {integrity: sha512-W+mjtYtrQvFbXT/uNT+221OBhGRZ8UqNsLxjTWsjZ4GsQnRdvRC/N2NCK86BcamWr7lsTxwpwN3PULnr78sgcQ==}
    engines: {node: ^20.19.0 || >=22.12.0}
    cpu: [x64]
    os: [freebsd]

  '@oxfmt/binding-linux-arm-gnueabihf@0.49.0':
    resolution: {integrity: sha512-Rtv6UevV7czDlLqil+NZUe4d8gs8jQo/zScSpumwyf7I+fSdLc+hc8AF3MQC7ymxSMMD9+vfiqQlsIf7wOAzXA==}
    engines: {node: ^20.19.0 || >=22.12.0}
    cpu: [arm]
    os: [linux]

  '@oxfmt/binding-linux-arm-musleabihf@0.49.0':
    resolution: {integrity: sha512-sBi+8C/Q/MdKa5FL8ibAUCdhFBGFH7HFN/Qoyd5xQbZ/0ky3NMPpKfIBpaH0lhK2dXkGLczVQUoZ+xuNSerCdQ==}
    engines: {node: ^20.19.0 || >=22.12.0}
    cpu: [arm]
    os: [linux]

  '@oxfmt/binding-linux-arm64-gnu@0.49.0':
    resolution: {integrity: sha512-JIfWenFhlzx+O8YygyZhoHFzTsdgDhxhbDRnE2iJLnnM5pWKScFvPECO2vOlA7JqJ/9S1g3uzEKuRCkHFwTjvA==}
    engines: {node: ^20.19.0 || >=22.12.0}
    cpu: [arm64]
    os: [linux]
    libc: [glibc]

  '@oxfmt/binding-linux-arm64-musl@0.49.0':
    resolution: {integrity: sha512-iNzkMPG18jPkwBOZ4/HEjwqfzAjq4RrUQ0CgId/fC1ENvYD5jLVAaU/gWgpiqP1ys07kxSsSggDd1fp3E7mQHw==}
    engines: {node: ^20.19.0 || >=22.12.0}
    cpu: [arm64]
    os: [linux]
    libc: [musl]

  '@oxfmt/binding-linux-ppc64-gnu@0.49.0':
    resolution: {integrity: sha512-BPHA/NN3LvoIXiid+iz3BHt5V0Rzx0tXAqRUovwE1NsbDaLG9e8mtv7evDGRIkVQacqTDBv0XL25THHsxSJosQ==}
    engines: {node: ^20.19.0 || >=22.12.0}
    cpu: [ppc64]
    os: [linux]
    libc: [glibc]

  '@oxfmt/binding-linux-riscv64-gnu@0.49.0':
    resolution: {integrity: sha512-3Eroshe+s69htC9JIL0+zLGQczLtRKezkMhwqQC21VC5Z/fuLvzLfbAOLgJLUq601H8gDYjy7deYycfOBjCvWg==}
    engines: {node: ^20.19.0 || >=22.12.0}
    cpu: [riscv64]
    os: [linux]
    libc: [glibc]

  '@oxfmt/binding-linux-riscv64-musl@0.49.0':
    resolution: {integrity: sha512-fnaERGgsxGm0lKAmO72EYR4BA3qBnzBTJBTi6EtUMq1D4R7EexRBMU4voXnx4TXla3SEDl9x4uNp/18SbkPjGg==}
    engines: {node: ^20.19.0 || >=22.12.0}
    cpu: [riscv64]
    os: [linux]
    libc: [musl]

  '@oxfmt/binding-linux-s390x-gnu@0.49.0':
    resolution: {integrity: sha512-rBwasMl1Uul1MCCeTGEFKnOTL7VUxHf+634jWStrQAbzpBJgd5Yz5m4F7exVCsoI8PHn57dNjssXagXLCLB5yA==}
    engines: {node: ^20.19.0 || >=22.12.0}
    cpu: [s390x]
    os: [linux]
    libc: [glibc]

  '@oxfmt/binding-linux-x64-gnu@0.49.0':
    resolution: {integrity: sha512-BoC/F9xHe2y/deuBGA5Aw7bes07OD2gcL2wlpzTrfImR92vPP7S/k3LBTyspQZCNIVNdagkELcqKELwMLGIfAg==}
    engines: {node: ^20.19.0 || >=22.12.0}
    cpu: [x64]
    os: [linux]
    libc: [glibc]

  '@oxfmt/binding-linux-x64-musl@0.49.0':
    resolution: {integrity: sha512-umY6jFADAo/oztFKl8D/S6vSrG6oBpEskcentiRuz42kZVU2kfDXMWCYavxyZR2bwPjqkHpcHZ6EZFiH3Qj9ZA==}
    engines: {node: ^20.19.0 || >=22.12.0}
    cpu: [x64]
    os: [linux]
    libc: [musl]

  '@oxfmt/binding-openharmony-arm64@0.49.0':
    resolution: {integrity: sha512-J85zQMiw2pXiGPK+OusmDvSnJ/dgpgN7VgmB2zOBtgS8F+nsOUfSg9ZEBrwbQscjZ7tkPbm38CG4VF5f53MsiA==}
    engines: {node: ^20.19.0 || >=22.12.0}
    cpu: [arm64]
    os: [openharmony]

  '@oxfmt/binding-win32-arm64-msvc@0.49.0':
    resolution: {integrity: sha512-38K67XR++CoFFORDd4sMFwUVAnD6msYBdGTei+qvKGrRPO6S2PbrYPNL/eQQ1RgnnxOegNba0YQwg6uRkNcw6A==}
    engines: {node: ^20.19.0 || >=22.12.0}
    cpu: [arm64]
    os: [win32]

  '@oxfmt/binding-win32-ia32-msvc@0.49.0':
    resolution: {integrity: sha512-rXVe0HICwQF0dBgbQtBCoYf8x/SidPIdhyQl+iPuJlV7suV+qDv7yUEB3wQ4qC3nOeNxz287SwFXKzyr0kWgEg==}
    engines: {node: ^20.19.0 || >=22.12.0}
    cpu: [ia32]
    os: [win32]

  '@oxfmt/binding-win32-x64-msvc@0.49.0':
    resolution: {integrity: sha512-gwWLwSEmBBfIK/Wh7GGd658161o4RKAvHWRaRQbJm571iQXGKfyr7UKsI1vsWvDlNLc30CxJDc8mMmCvJ/kczQ==}
    engines: {node: ^20.19.0 || >=22.12.0}
    cpu: [x64]
    os: [win32]

  '@oxlint-tsgolint/darwin-arm64@0.22.1':
    resolution: {integrity: sha512-4150Lpgc1YM09GcjA6GSrra1JoPjC7aOpfywLjWEY4vW0Sd1qKzqHF1WRaiw0/qUZ40OATYdv3aRd7ipPkWQbw==}
    cpu: [arm64]
    os: [darwin]

  '@oxlint-tsgolint/darwin-x64@0.22.1':
    resolution: {integrity: sha512-vFWcPWYOgZs4HWcgS1EjUZg33NLcNfEYU49KGImmCfZWkflENrmBYV4HN/C0YeAPum6ZZ/goPSvQrB/cOD+NfA==}
    cpu: [x64]
    os: [darwin]

  '@oxlint-tsgolint/linux-arm64@0.22.1':
    resolution: {integrity: sha512-6LiUpP0Zir3+29FvBm7Y28q/dBjSHqTZ5MhG1Ckw4fGhI4cAvbcwXaKvbjx1TP7rRmBNOoq/M5xdpHjTb+GAew==}
    cpu: [arm64]
    os: [linux]

  '@oxlint-tsgolint/linux-x64@0.22.1':
    resolution: {integrity: sha512-fuX1hEQfpHauUbXADsfqVhRzrUrGabzGXbj5wsp2vKhV5uk/Rze8Mba9GdjFGECzvXudMGqHqxB4r6jGRdhxVA==}
    cpu: [x64]
    os: [linux]

  '@oxlint-tsgolint/win32-arm64@0.22.1':
    resolution: {integrity: sha512-8SZidAj+jrbZf9ZjBEYW0tiNZ+KasqB2zgW26qdiPpQSF/DzURnPmXz651IeA9YsmbVdHGIooEHUmev6QJdquA==}
    cpu: [arm64]
    os: [win32]

  '@oxlint-tsgolint/win32-x64@0.22.1':
    resolution: {integrity: sha512-QweSk9H5lFh5Y+WUf2Kq/OAN88V6+62ZwGhP38gqdRotI90luXSMkruFTj7Q2rYrzH4ZVNaSqx7NY8JpSfIzqg==}
    cpu: [x64]
    os: [win32]

  '@oxlint/binding-android-arm-eabi@1.64.0':
    resolution: {integrity: sha512-2r6Nq3XXGLHEXKkSj8JtmJ6N4gDw431DPFOg0ZoJHlNjnG6HVMm/ksQ10m0HJ8WBvwgMe1L50UHPaYZutCRPCw==}
    engines: {node: ^20.19.0 || >=22.12.0}
    cpu: [arm]
    os: [android]

  '@oxlint/binding-android-arm64@1.64.0':
    resolution: {integrity: sha512-ePJMpePgg7fBv+L/hVx1xXRU5/5gd5m0obLA6hPEfLXF3GjpR8idIDbY1dhQYhyz1ms2wdTccSboo6KEd2Oxtg==}
    engines: {node: ^20.19.0 || >=22.12.0}
    cpu: [arm64]
    os: [android]

  '@oxlint/binding-darwin-arm64@1.64.0':
    resolution: {integrity: sha512-U4DMLQd10gJLuoSTLSGbfv3bGjTlUNsScm9Dgb8wwBqmCzidf1pE1pXV4doGNxqwH3KtVng1AGTINA0NvkGLvQ==}
    engines: {node: ^20.19.0 || >=22.12.0}
    cpu: [arm64]
    os: [darwin]

  '@oxlint/binding-darwin-x64@1.64.0':
    resolution: {integrity: sha512-GoRIL48QWm4/TAvjN8pB1nAG+1/uqc9EdnWT9zqHeb6wsmjZtywj8VRe5aGW47Fdb64YtLOsdLqVxOvQuz98Wg==}
    engines: {node: ^20.19.0 || >=22.12.0}
    cpu: [x64]
    os: [darwin]

  '@oxlint/binding-freebsd-x64@1.64.0':
    resolution: {integrity: sha512-5dFkv4tkg7PxJJGS9/OjrJwjhuHczrd3OQOkRE0wHcLM+ncUnULtzEPWjqGOxTXxZnLWcB91bGiIznx89TVXyQ==}
    engines: {node: ^20.19.0 || >=22.12.0}
    cpu: [x64]
    os: [freebsd]

  '@oxlint/binding-linux-arm-gnueabihf@1.64.0':
    resolution: {integrity: sha512-jsBqMLl/uOL5+Kq/+BtK9FrmiNGUbx8SiyZXv+WlUxA45KuwcLu9BfiSIL3I3DBDgWM3yZizDITnTK9BcqNBQg==}
    engines: {node: ^20.19.0 || >=22.12.0}
    cpu: [arm]
    os: [linux]

  '@oxlint/binding-linux-arm-musleabihf@1.64.0':
    resolution: {integrity: sha512-1lrj8At/Uuc9GhjrVFBQo0NEjfBrTkzpmtHIGAhNnIXqn1CAyGL+qrztUsXb2GIluJrpl9Q7qRLJOb/NqydacQ==}
    engines: {node: ^20.19.0 || >=22.12.0}
    cpu: [arm]
    os: [linux]

  '@oxlint/binding-linux-arm64-gnu@1.64.0':
    resolution: {integrity: sha512-HpSQbubwh03mMhAdy2BYtad/fsY8vDFHDAb6bUwuCYg2VD3xCQgn6ArKcO0oZyLCheacKTv4PrF3Mfu5hgoE2g==}
    engines: {node: ^20.19.0 || >=22.12.0}
    cpu: [arm64]
    os: [linux]
    libc: [glibc]

  '@oxlint/binding-linux-arm64-musl@1.64.0':
    resolution: {integrity: sha512-00QQ0h0Y7u0G69BgiH3+ky2aaq/QvkDL6DYok8htIuJHxybiux5aQ8jwmg8qIk9wha6UagUP2BAwAzbemcJbpg==}
    engines: {node: ^20.19.0 || >=22.12.0}
    cpu: [arm64]
    os: [linux]
    libc: [musl]

  '@oxlint/binding-linux-ppc64-gnu@1.64.0':
    resolution: {integrity: sha512-2GaimTV6EMW+s5HS0An3oGbQme3BgHswvfVdGk3EB57Xe9+/gyT+Qd7lNVzb3rtir52vbIPzXfaYArzs5b5zcw==}
    engines: {node: ^20.19.0 || >=22.12.0}
    cpu: [ppc64]
    os: [linux]
    libc: [glibc]

  '@oxlint/binding-linux-riscv64-gnu@1.64.0':
    resolution: {integrity: sha512-H46AtFb9wypjoVwGdlxrm0DsD809NGmtiK9HiyPKTxkSte2YjhC4S+00rOIrwCaxcyPiGid3Y3OMXp5KMAkGZw==}
    engines: {node: ^20.19.0 || >=22.12.0}
    cpu: [riscv64]
    os: [linux]
    libc: [glibc]

  '@oxlint/binding-linux-riscv64-musl@1.64.0':
    resolution: {integrity: sha512-HEgsidjjvvyzdg82icYkuFCf7REDV7B9JFwbIMbVwrKLBY0MrXX+bku3POn/hduZ2yW91IyVDUMq0Bf02KwXQw==}
    engines: {node: ^20.19.0 || >=22.12.0}
    cpu: [riscv64]
    os: [linux]
    libc: [musl]

  '@oxlint/binding-linux-s390x-gnu@1.64.0':
    resolution: {integrity: sha512-Axvm8qryotmKN00P5w4JapaSjvP2LOSbdbBJiX+2SuHd3QzhW7TUc8skqgw+ahQZ5DmzEYeHCqauvW8f32Ns6Q==}
    engines: {node: ^20.19.0 || >=22.12.0}
    cpu: [s390x]
    os: [linux]
    libc: [glibc]

  '@oxlint/binding-linux-x64-gnu@1.64.0':
    resolution: {integrity: sha512-cR60vSd7+m+KRZ3GQGfDxWwahW5RMXg0qlGvAluZr0fTUYvw0H9N9AXAF/M/PMqgytyqvVNmBAkJG9l7U30Y1g==}
    engines: {node: ^20.19.0 || >=22.12.0}
    cpu: [x64]
    os: [linux]
    libc: [glibc]

  '@oxlint/binding-linux-x64-musl@1.64.0':
    resolution: {integrity: sha512-2u/aPZ9pEg7HnvZPDsHxUGNnrpr4qaHi+mCgLgpt+LYRzPrS4Px4wPfkIdRdr2GvKnaYyt+XSlto0Vm5sbStTg==}
    engines: {node: ^20.19.0 || >=22.12.0}
    cpu: [x64]
    os: [linux]
    libc: [musl]

  '@oxlint/binding-openharmony-arm64@1.64.0':
    resolution: {integrity: sha512-kfhkGfCdoXLSxEkrhDlJrvBYajGmq+ma4EMc53dsOWTq+rIBOlI0vTBmpZNnM5oH2LY/K/w1HAK+UQEgjgpVUg==}
    engines: {node: ^20.19.0 || >=22.12.0}
    cpu: [arm64]
    os: [openharmony]

  '@oxlint/binding-win32-arm64-msvc@1.64.0':
    resolution: {integrity: sha512-r/cNKBFieONoVu2bb1KkVouq9W+edDUgHumXJGphCRRj+U0xaD4nanrw8ZOqo0IsutPkEM4vCcGBpak6x5aXMg==}
    engines: {node: ^20.19.0 || >=22.12.0}
    cpu: [arm64]
    os: [win32]

  '@oxlint/binding-win32-ia32-msvc@1.64.0':
    resolution: {integrity: sha512-tUw0xUUwEFVZbpJoeCblkv8SJA4Xz3CdXCJbAnBsiNLyxDrk2tLcxEAS6M73Q7hHHDg3OtwI8vZVK3t5RJt4Gw==}
    engines: {node: ^20.19.0 || >=22.12.0}
    cpu: [ia32]
    os: [win32]

  '@oxlint/binding-win32-x64-msvc@1.64.0':
    resolution: {integrity: sha512-9CBR+LO0JVST87fNTzzNxS5I29jIUO5gxT9i9+M3SDHHALElj9sY1Prf12tad3vIRC6OD7Ehtvvh+sn13vSwHw==}
    engines: {node: ^20.19.0 || >=22.12.0}
    cpu: [x64]
    os: [win32]

  '@quansync/fs@1.0.0':
    resolution: {integrity: sha512-4TJ3DFtlf1L5LDMaM6CanJ/0lckGNtJcMjQ1NAV6zDmA0tEHKZtxNKin8EgPaVX1YzljbxckyT2tJrpQKAtngQ==}

  '@rolldown/binding-android-arm64@1.0.0':
    resolution: {integrity: sha512-TWMZnRLMe63C2Lhyicviu7ZHaU4kxa6PS3rofvc9GmcvptzNN11BcfQ4Sl7MwTOsisQoa2keB/EBdNCAnUo8vA==}
    engines: {node: ^20.19.0 || >=22.12.0}
    cpu: [arm64]
    os: [android]

  '@rolldown/binding-darwin-arm64@1.0.0':
    resolution: {integrity: sha512-6XcD+8k0gPVItNagEw78/qqcBDwKcwDYS8V2hRmVsfUSIrd8cWe/CBvRDI5toqFyPfj+FJr6t8U6Xj2P2prEew==}
    engines: {node: ^20.19.0 || >=22.12.0}
    cpu: [arm64]
    os: [darwin]

  '@rolldown/binding-darwin-x64@1.0.0':
    resolution: {integrity: sha512-iN/tWVXRQDWvmZlKdceP1Dwug9GDpEymhb9p4xnEe6zvCg5lFmzVljl+1qR1NVx3yfGpr2Na+CuLmv5IU8uzfQ==}
    engines: {node: ^20.19.0 || >=22.12.0}
    cpu: [x64]
    os: [darwin]

  '@rolldown/binding-freebsd-x64@1.0.0':
    resolution: {integrity: sha512-jjQMDvvwSOuhOwMszD/klSOjyWMM3zI64hWTj9KT5x4MxRbZAf+7vLQ6qouRhtsLVFHr3f0ILaJAfgENPiQdAQ==}
    engines: {node: ^20.19.0 || >=22.12.0}
    cpu: [x64]
    os: [freebsd]

  '@rolldown/binding-linux-arm-gnueabihf@1.0.0':
    resolution: {integrity: sha512-d//Dtg2x6/m3mbV64yUGNnDGNZaDGRpDLLNGerHQUVObuNaIQaaDp25yUiqGXtHEXX+NP2d0wAlmKgpYgIAJ2A==}
    engines: {node: ^20.19.0 || >=22.12.0}
    cpu: [arm]
    os: [linux]

  '@rolldown/binding-linux-arm64-gnu@1.0.0':
    resolution: {integrity: sha512-n7Ofp0mx+aB2cC+Sdy5YtMnXtY9lchnHbY+3Yt0uq9JsWQExf4f5Whu0tK0R8Jdc9S6RchTHjIFY7uc92puOVQ==}
    engines: {node: ^20.19.0 || >=22.12.0}
    cpu: [arm64]
    os: [linux]
    libc: [glibc]

  '@rolldown/binding-linux-arm64-musl@1.0.0':
    resolution: {integrity: sha512-EIVjy2cgd7uuMMo94FVkBp7F6DhcZAUwNURkSG3RwUmvAXR6s0ISxM81U+IydcZByPG0pZIHsf1b6kTxoFDgJA==}
    engines: {node: ^20.19.0 || >=22.12.0}
    cpu: [arm64]
    os: [linux]
    libc: [musl]

  '@rolldown/binding-linux-ppc64-gnu@1.0.0':
    resolution: {integrity: sha512-JEwwOPcwTLAcpDQlqSmjEmfs63xJnSiUNIGvLcDLUHCWK4XowpS/7c7tUsUH6uT/ct6bMUTdXKfI8967FYj6mg==}
    engines: {node: ^20.19.0 || >=22.12.0}
    cpu: [ppc64]
    os: [linux]
    libc: [glibc]

  '@rolldown/binding-linux-s390x-gnu@1.0.0':
    resolution: {integrity: sha512-0wjCFhLrihtAubnT9iA0N++0pSV0z5Hg7tNGdNJ4RFaINceHadoF+kiFGyY1qSSNVIAZtLotG8Ju1bgDPkjnFA==}
    engines: {node: ^20.19.0 || >=22.12.0}
    cpu: [s390x]
    os: [linux]
    libc: [glibc]

  '@rolldown/binding-linux-x64-gnu@1.0.0':
    resolution: {integrity: sha512-Dfn7iak9BcMMePxcoJfpSbWqnEyrp/dRF63/8qW/eHBdOZov6x5aShLLEYGYdIeSJ6vMLK/XCVB+lGIxm41bQA==}
    engines: {node: ^20.19.0 || >=22.12.0}
    cpu: [x64]
    os: [linux]
    libc: [glibc]

  '@rolldown/binding-linux-x64-musl@1.0.0':
    resolution: {integrity: sha512-5/utzzDmD/pD/bmuaUcbTf/sZYy0aztwIVlfpoW1fTjCZ0BaPOMVWGZL1zvgxyi7ZIVYWlxKONHmSbHuiOh8Jw==}
    engines: {node: ^20.19.0 || >=22.12.0}
    cpu: [x64]
    os: [linux]
    libc: [musl]

  '@rolldown/binding-openharmony-arm64@1.0.0':
    resolution: {integrity: sha512-ouJs8VcUomfLfpbUECqFMRqdV4x6aeAK3MA4m6vTrJJjKyWTV5KnxZx7Jd9G+GlDaQQxubcba00x16OyJ1meig==}
    engines: {node: ^20.19.0 || >=22.12.0}
    cpu: [arm64]
    os: [openharmony]

  '@rolldown/binding-wasm32-wasi@1.0.0':
    resolution: {integrity: sha512-E+oHKGiDA+lsKMmFtffDDw91EryDT7uJocrIuCHqhm6bCTM6xFK+3gaCkYOHfPwQr0cCNarSM2xaELoQDz9jJg==}
    engines: {node: ^20.19.0 || >=22.12.0}
    cpu: [wasm32]

  '@rolldown/binding-win32-arm64-msvc@1.0.0':
    resolution: {integrity: sha512-yYK02n8Rngo+gbm1y6G0+7jk1sJ/2Wt7K0me0Y7k/ErBpyf+LJ2gFpqWVTcRV1rUepBlQRmpgWkTQCiiwrK0Ow==}
    engines: {node: ^20.19.0 || >=22.12.0}
    cpu: [arm64]
    os: [win32]

  '@rolldown/binding-win32-x64-msvc@1.0.0':
    resolution: {integrity: sha512-14bpChMahXRRXiTwahSl+zzHPW6qQTXtkMuJBFlbo+pqSAews2d4BdCSHfrJ/MBsCZtpmTafsY+1QhBzitcmdg==}
    engines: {node: ^20.19.0 || >=22.12.0}
    cpu: [x64]
    os: [win32]

  '@rolldown/pluginutils@1.0.0':
    resolution: {integrity: sha512-aKs/3GSWyV0mrhNmt/96/Z3yczC3yvrzYATCiCXQebBsGyYzjNdUphRVLeJQ67ySKVXRfMxt2lm12pmXvbPFQQ==}

  '@rollup/rollup-android-arm-eabi@4.60.3':
    resolution: {integrity: sha512-x35CNW/ANXG3hE/EZpRU8MXX1JDN86hBb2wMGAtltkz7pc6cxgjpy1OMMfDosOQ+2hWqIkag/fGok1Yady9nGw==}
    cpu: [arm]
    os: [android]

  '@rollup/rollup-android-arm64@4.60.3':
    resolution: {integrity: sha512-xw3xtkDApIOGayehp2+Rz4zimfkaX65r4t47iy+ymQB2G4iJCBBfj0ogVg5jpvjpn8UWn/+q9tprxleYeNp3Hw==}
    cpu: [arm64]
    os: [android]

  '@rollup/rollup-darwin-arm64@4.60.3':
    resolution: {integrity: sha512-vo6Y5Qfpx7/5EaamIwi0WqW2+zfiusVihKatLvtN1VFVy3D13uERk/6gZLU1UiHRL6fDXqj/ELIeVRGnvcTE1g==}
    cpu: [arm64]
    os: [darwin]

  '@rollup/rollup-darwin-x64@4.60.3':
    resolution: {integrity: sha512-D+0QGcZhBzTN82weOnsSlY7V7+RMmPuF1CkbxyMAGE8+ZHeUjyb76ZiWmBlCu//AQQONvxcqRbwZTajZKqjuOw==}
    cpu: [x64]
    os: [darwin]

  '@rollup/rollup-freebsd-arm64@4.60.3':
    resolution: {integrity: sha512-6HnvHCT7fDyj6R0Ph7A6x8dQS/S38MClRWeDLqc0MdfWkxjiu1HSDYrdPhqSILzjTIC/pnXbbJbo+ft+gy/9hQ==}
    cpu: [arm64]
    os: [freebsd]

  '@rollup/rollup-freebsd-x64@4.60.3':
    resolution: {integrity: sha512-KHLgC3WKlUYW3ShFKnnosZDOJ0xjg9zp7au3sIm2bs/tGBeC2ipmvRh/N7JKi0t9Ue20C0dpEshi8WUubg+cnA==}
    cpu: [x64]
    os: [freebsd]

  '@rollup/rollup-linux-arm-gnueabihf@4.60.3':
    resolution: {integrity: sha512-DV6fJoxEYWJOvaZIsok7KrYl0tPvga5OZ2yvKHNNYyk/2roMLqQAbGhr78EQ5YhHpnhLKJD3S1WFusAkmUuV5g==}
    cpu: [arm]
    os: [linux]
    libc: [glibc]

  '@rollup/rollup-linux-arm-musleabihf@4.60.3':
    resolution: {integrity: sha512-mQKoJAzvuOs6F+TZybQO4GOTSMUu7v0WdxEk24krQ/uUxXoPTtHjuaUuPmFhtBcM4K0ons8nrE3JyhTuCFtT/w==}
    cpu: [arm]
    os: [linux]
    libc: [musl]

  '@rollup/rollup-linux-arm64-gnu@4.60.3':
    resolution: {integrity: sha512-Whjj2qoiJ6+OOJMGptTYazaJvjOJm+iKHpXQM1P3LzGjt7Ff++Tp7nH4N8J/BUA7R9IHfDyx4DJIflifwnbmIA==}
    cpu: [arm64]
    os: [linux]
    libc: [glibc]

  '@rollup/rollup-linux-arm64-musl@4.60.3':
    resolution: {integrity: sha512-4YTNHKqGng5+yiZt3mg77nmyuCfmNfX4fPmyUapBcIk+BdwSwmCWGXOUxhXbBEkFHtoN5boLj/5NON+u5QC9tg==}
    cpu: [arm64]
    os: [linux]
    libc: [musl]

  '@rollup/rollup-linux-loong64-gnu@4.60.3':
    resolution: {integrity: sha512-SU3kNlhkpI4UqlUc2VXPGK9o886ZsSeGfMAX2ba2b8DKmMXq4AL7KUrkSWVbb7koVqx41Yczx6dx5PNargIrEA==}
    cpu: [loong64]
    os: [linux]
    libc: [glibc]

  '@rollup/rollup-linux-loong64-musl@4.60.3':
    resolution: {integrity: sha512-6lDLl5h4TXpB1mTf2rQWnAk/LcXrx9vBfu/DT5TIPhvMhRWaZ5MxkIc8u4lJAmBo6klTe1ywXIUHFjylW505sg==}
    cpu: [loong64]
    os: [linux]
    libc: [musl]

  '@rollup/rollup-linux-ppc64-gnu@4.60.3':
    resolution: {integrity: sha512-BMo8bOw8evlup/8G+cj5xWtPyp93xPdyoSN16Zy90Q2QZ0ZYRhCt6ZJSwbrRzG9HApFabjwj2p25TUPDWrhzqQ==}
    cpu: [ppc64]
    os: [linux]
    libc: [glibc]

  '@rollup/rollup-linux-ppc64-musl@4.60.3':
    resolution: {integrity: sha512-E0L8X1dZN1/Rph+5VPF6Xj2G7JJvMACVXtamTJIDrVI44Y3K+G8gQaMEAavbqCGTa16InptiVrX6eM6pmJ+7qA==}
    cpu: [ppc64]
    os: [linux]
    libc: [musl]

  '@rollup/rollup-linux-riscv64-gnu@4.60.3':
    resolution: {integrity: sha512-oZJ/WHaVfHUiRAtmTAeo3DcevNsVvH8mbvodjZy7D5QKvCefO371SiKRpxoDcCxB3PTRTLayWBkvmDQKTcX/sw==}
    cpu: [riscv64]
    os: [linux]
    libc: [glibc]

  '@rollup/rollup-linux-riscv64-musl@4.60.3':
    resolution: {integrity: sha512-Dhbyh7j9FybM3YaTgaHmVALwA8AkUwTPccyCQ79TG9AJUsMQqgN1DDEZNr4+QUfwiWvLDumW5vdwzoeUF+TNxQ==}
    cpu: [riscv64]
    os: [linux]
    libc: [musl]

  '@rollup/rollup-linux-s390x-gnu@4.60.3':
    resolution: {integrity: sha512-cJd1X5XhHHlltkaypz1UcWLA8AcoIi1aWhsvaWDskD1oz2eKCypnqvTQ8ykMNI0RSmm7NkTdSqSSD7zM0xa6Ig==}
    cpu: [s390x]
    os: [linux]
    libc: [glibc]

  '@rollup/rollup-linux-x64-gnu@4.60.3':
    resolution: {integrity: sha512-DAZDBHQfG2oQuhY7mc6I3/qB4LU2fQCjRvxbDwd/Jdvb9fypP4IJ4qmtu6lNjes6B531AI8cg1aKC2di97bUxA==}
    cpu: [x64]
    os: [linux]
    libc: [glibc]

  '@rollup/rollup-linux-x64-musl@4.60.3':
    resolution: {integrity: sha512-cRxsE8c13mZOh3vP+wLDxpQBRrOHDIGOWyDL93Sy0Ga8y515fBcC2pjUfFwUe5T7tqvTvWbCpg1URM/AXdWIXA==}
    cpu: [x64]
    os: [linux]
    libc: [musl]

  '@rollup/rollup-openbsd-x64@4.60.3':
    resolution: {integrity: sha512-QaWcIgRxqEdQdhJqW4DJctsH6HCmo5vHxY0krHSX4jMtOqfzC+dqDGuHM87bu4H8JBeibWx7jFz+h6/4C8wA5Q==}
    cpu: [x64]
    os: [openbsd]

  '@rollup/rollup-openharmony-arm64@4.60.3':
    resolution: {integrity: sha512-AaXwSvUi3QIPtroAUw1t5yHGIyqKEXwH54WUocFolZhpGDruJcs8c+xPNDRn4XiQsS7MEwnYsHW2l0MBLDMkWg==}
    cpu: [arm64]
    os: [openharmony]

  '@rollup/rollup-win32-arm64-msvc@4.60.3':
    resolution: {integrity: sha512-65LAKM/bAWDqKNEelHlcHvm2V+Vfb8C6INFxQXRHCvaVN1rJfwr4NvdP4FyzUaLqWfaCGaadf6UbTm8xJeYfEg==}
    cpu: [arm64]
    os: [win32]

  '@rollup/rollup-win32-ia32-msvc@4.60.3':
    resolution: {integrity: sha512-EEM2gyhBF5MFnI6vMKdX1LAosE627RGBzIoGMdLloPZkXrUN0Ckqgr2Qi8+J3zip/8NVVro3/FjB+tjhZUgUHA==}
    cpu: [ia32]
    os: [win32]

  '@rollup/rollup-win32-x64-gnu@4.60.3':
    resolution: {integrity: sha512-E5Eb5H/DpxaoXH++Qkv28RcUJboMopmdDUALBczvHMf7hNIxaDZqwY5lK12UK1BHacSmvupoEWGu+n993Z0y1A==}
    cpu: [x64]
    os: [win32]

  '@rollup/rollup-win32-x64-msvc@4.60.3':
    resolution: {integrity: sha512-hPt/bgL5cE+Qp+/TPHBqptcAgPzgj46mPcg/16zNUmbQk0j+mOEQV/+Lqu8QRtDV3Ek95Q6FeFITpuhl6OTsAA==}
    cpu: [x64]
    os: [win32]

  '@tybys/wasm-util@0.10.2':
    resolution: {integrity: sha512-RoBvJ2X0wuKlWFIjrwffGw1IqZHKQqzIchKaadZZfnNpsAYp2mM0h36JtPCjNDAHGgYez/15uMBpfGwchhiMgg==}

  '@types/estree@1.0.8':
    resolution: {integrity: sha512-dWHzHa2WqEXI/O1E9OjrocMTKJl2mSrEolh1Iomrv6U+JuNwaHXsXx9bLu5gG7BUWFIN0skIQJQ/L1rIex4X6w==}

  '@types/estree@1.0.9':
    resolution: {integrity: sha512-GhdPgy1el4/ImP05X05Uw4cw2/M93BCUmnEvWZNStlCzEKME4Fkk+YpoA5OiHNQmoS7Cafb8Xa3Pya8m1Qrzeg==}

  '@types/jsesc@2.5.1':
    resolution: {integrity: sha512-9VN+6yxLOPLOav+7PwjZbxiID2bVaeq0ED4qSQmdQTdjnXJSaCVKTR58t15oqH1H5t8Ng2ZX1SabJVoN9Q34bw==}

  ansis@4.3.0:
    resolution: {integrity: sha512-44mvgtPvohuU/70DdY5Oz2AIrLJ9k6/5x4KmoSvPwO+5Moijo0+N9D0fKbbYZQWP1hNm5CpOf+E01jhxG/r8xg==}
    engines: {node: '>=14'}

  ast-kit@3.0.0-beta.1:
    resolution: {integrity: sha512-trmleAnZ2PxN/loHWVhhx1qeOHSRXq4TDsBBxq3GqeJitfk3+jTQ+v/C1km/KYq9M7wKqCewMh+/NAvVH7m+bw==}
    engines: {node: '>=20.19.0'}

  balanced-match@4.0.4:
    resolution: {integrity: sha512-BLrgEcRTwX2o6gGxGOCNyMvGSp35YofuYzw9h1IMTRmKqttAZZVU67bdb9Pr2vUHA8+j3i2tJfjO6C6+4myGTA==}
    engines: {node: 18 || 20 || >=22}

  birpc@4.0.0:
    resolution: {integrity: sha512-LShSxJP0KTmd101b6DRyGBj57LZxSDYWKitQNW/mi8GRMvZb078Uf9+pveax1DrVL89vm7mWe+TovdI/UDOuPw==}

  brace-expansion@5.0.6:
    resolution: {integrity: sha512-kLpxurY4Z4r9sgMsyG0Z9uzsBlgiU/EFKhj/h91/8yHu0edo7XuixOIH3VcJ8kkxs6/jPzoI6U9Vj3WqbMQ94g==}
    engines: {node: 18 || 20 || >=22}

  cac@7.0.0:
    resolution: {integrity: sha512-tixWYgm5ZoOD+3g6UTea91eow5z6AAHaho3g0V9CNSNb45gM8SmflpAc+GRd1InC4AqN/07Unrgp56Y94N9hJQ==}
    engines: {node: '>=20.19.0'}

  defu@6.1.7:
    resolution: {integrity: sha512-7z22QmUWiQ/2d0KkdYmANbRUVABpZ9SNYyH5vx6PZ+nE5bcC0l7uFvEfHlyld/HcGBFTL536ClDt3DEcSlEJAQ==}

  dts-resolver@3.0.0:
    resolution: {integrity: sha512-1T1f+z+4tl9XD+m+0HBgWoL/nm0bOIffyWaUuUSBlFg/86IWvfx+wjNaO/ybU0AJzG9/Mi5hBUgGV6zCmWEN7Q==}
    engines: {node: ^22.18.0 || >=24.0.0}
    peerDependencies:
      oxc-resolver: '>=11.0.0'
    peerDependenciesMeta:
      oxc-resolver:
        optional: true

  empathic@2.0.1:
    resolution: {integrity: sha512-YGRs8knHhKHVShLkFET/rWAU8kmHbOV5LwN938RHI0pljAJ1Gf6SzXsSmRaEzcXTtOOmVqJ5+WtQPL5uigY50Q==}
    engines: {node: '>=14'}

  estree-walker@3.0.3:
    resolution: {integrity: sha512-7RUKfXgSMMkzt6ZuXmqapOurLGPPfgj6l9uRZ7lRGolvk0y2yocc35LdcxKC5PQZdn2DMqioAQ2NoWcrTKmm6g==}

  fdir@6.5.0:
    resolution: {integrity: sha512-tIbYtZbucOs0BRGqPJkshJUYdL+SDH7dVM8gjy+ERp3WAUjLEFJE+02kanyHtwjWOnwrKYBiwAmM0p4kLJAnXg==}
    engines: {node: '>=12.0.0'}
    peerDependencies:
      picomatch: ^3 || ^4
    peerDependenciesMeta:
      picomatch:
        optional: true

  fsevents@2.3.3:
    resolution: {integrity: sha512-5xoDfX+fL7faATnagmWPpbFtwh/R77WmMMqqHGS65C3vvB0YHrgF+B1YmZ3441tMj5n63k0212XNoJwzlhffQw==}
    engines: {node: ^8.16.0 || ^10.6.0 || >=11.0.0}
    os: [darwin]

  get-tsconfig@5.0.0-beta.5:
    resolution: {integrity: sha512-/6gFNr0N04nob252sTQxyFLi3eKFRqIg1I87YcqAMT1i6SQrSF6KujUEQrtrjMV0H/eejTCltLdDSTEMzHbnsQ==}
    engines: {node: '>=20.20.0'}

  glob@13.0.6:
    resolution: {integrity: sha512-Wjlyrolmm8uDpm/ogGyXZXb1Z+Ca2B8NbJwqBVg0axK9GbBeoS7yGV6vjXnYdGm6X53iehEuxxbyiKp8QmN4Vw==}
    engines: {node: 18 || 20 || >=22}

  hookable@6.1.1:
    resolution: {integrity: sha512-U9LYDy1CwhMCnprUfeAZWZGByVbhd54hwepegYTK7Pi5NvqEj63ifz5z+xukznehT7i6NIZRu89Ay1AZmRsLEQ==}

  import-without-cache@0.4.0:
    resolution: {integrity: sha512-NkJQA7oZ4YHQhd2+H3BoRFKF3d/XNsiKpHZCQEMH9pDX27hQQLsTyOocyRgaIVtf8gHX3Nt3LPkR4e5EdtPAGQ==}
    engines: {node: ^22.18.0 || >=24.0.0}

  jsesc@3.1.0:
    resolution: {integrity: sha512-/sM3dO2FOzXjKQhJuo0Q173wf2KOo8t4I8vHy6lF9poUp7bKT0/NHE8fPX23PwfhnykfqnC2xRxOnVw5XuGIaA==}
    engines: {node: '>=6'}
    hasBin: true

  lru-cache@11.3.6:
    resolution: {integrity: sha512-Gf/KoL3C/MlI7Bt0PGI9I+TeTC/I6r/csU58N4BSNc4lppLBeKsOdFYkK+dX0ABDUMJNfCHTyPpzwwO21Awd3A==}
    engines: {node: 20 || >=22}

  magic-string@0.30.21:
    resolution: {integrity: sha512-vd2F4YUyEXKGcLHoq+TEyCjxueSeHnFxyyjNp80yg0XV4vUhnDer/lvvlqM/arB5bXQN5K2/3oinyCRyx8T2CQ==}

  minimatch@10.2.5:
    resolution: {integrity: sha512-MULkVLfKGYDFYejP07QOurDLLQpcjk7Fw+7jXS2R2czRQzR56yHRveU5NDJEOviH+hETZKSkIk5c+T23GjFUMg==}
    engines: {node: 18 || 20 || >=22}

  minipass@7.1.3:
    resolution: {integrity: sha512-tEBHqDnIoM/1rXME1zgka9g6Q2lcoCkxHLuc7ODJ5BxbP5d4c2Z5cGgtXAku59200Cx7diuHTOYfSBD8n6mm8A==}
    engines: {node: '>=16 || 14 >=14.17'}

  obug@2.1.1:
    resolution: {integrity: sha512-uTqF9MuPraAQ+IsnPf366RG4cP9RtUi7MLO1N3KEc+wb0a6yKpeL0lmk2IB1jY5KHPAlTc6T/JRdC/YqxHNwkQ==}

  oxc-config-hope@0.3.5:
    resolution: {integrity: sha512-3NXHYbsXVsKdwb+wwW1ufI3seKVw3SmmmWEyWkaBPYk87BsHPy8+BuNwUiQODwjJK+Qs8tS3+9CG4NY/B1RsYw==}
    engines: {node: '>=22.12.0'}
    peerDependencies:
      oxfmt: '>=0.49.0'
      oxlint: ^1.64.0
      oxlint-tsgolint: '>=0.22.1'
    peerDependenciesMeta:
      oxfmt:
        optional: true
      oxlint:
        optional: true
      oxlint-tsgolint:
        optional: true

  oxfmt@0.49.0:
    resolution: {integrity: sha512-IAHFMdlJSWe+oAr65dx22UvjCtV9DBMisAuLnKpDqMQrctzCkGnj3QRwNHm0d+uwSWPalsDF8ZYLz9rh6nH2IQ==}
    engines: {node: ^20.19.0 || >=22.12.0}
    hasBin: true
    peerDependencies:
      svelte: ^5.0.0
    peerDependenciesMeta:
      svelte:
        optional: true

  oxlint-tsgolint@0.22.1:
    resolution: {integrity: sha512-YUSGSLUnoolsu8gxISEDio3q1rtsCozwfOzASUn3DT2mR2EeQ93uEEnen7s+6LpF+lyTQFln1pQfqwBh/fsVEg==}
    hasBin: true

  oxlint@1.64.0:
    resolution: {integrity: sha512-Star3SNpWPeWFPw7kRXIhXUSn6fdiAl25q15CQzH/9WaOtG6e9CWTc25vNZOCr4PE1yEP1GtKJKIKglhj3OmEQ==}
    engines: {node: ^20.19.0 || >=22.12.0}
    hasBin: true
    peerDependencies:
      oxlint-tsgolint: '>=0.22.1'
    peerDependenciesMeta:
      oxlint-tsgolint:
        optional: true

  package-json-from-dist@1.0.1:
    resolution: {integrity: sha512-UEZIS3/by4OC8vL3P2dTXRETpebLI2NiI5vIrjaD/5UtrkFX/tNbwjTSRAGC/+7CAo2pIcBaRgWmcBBHcsaCIw==}

  path-scurry@2.0.2:
    resolution: {integrity: sha512-3O/iVVsJAPsOnpwWIeD+d6z/7PmqApyQePUtCndjatj/9I5LylHvt5qluFaBT3I5h3r1ejfR056c+FCv+NnNXg==}
    engines: {node: 18 || 20 || >=22}

  pathe@2.0.3:
    resolution: {integrity: sha512-WUjGcAqP1gQacoQe+OBJsFA7Ld4DyXuUIjZ5cc75cLHvJ7dtNsTugphxIADwspS+AraAUePCKrSVtPLFj/F88w==}

  picomatch@4.0.4:
    resolution: {integrity: sha512-QP88BAKvMam/3NxH6vj2o21R6MjxZUAd6nlwAS/pnGvN9IVLocLHxGYIzFhg6fUQ+5th6P4dv4eW9jX3DSIj7A==}
    engines: {node: '>=12'}

  quansync@1.0.0:
    resolution: {integrity: sha512-5xZacEEufv3HSTPQuchrvV6soaiACMFnq1H8wkVioctoH3TRha9Sz66lOxRwPK/qZj7HPiSveih9yAyh98gvqA==}

  resolve-pkg-maps@1.0.0:
    resolution: {integrity: sha512-seS2Tj26TBVOC2NIc2rOe2y2ZO7efxITtLZcGSOnHHNOQ7CkiUBfw0Iw2ck6xkIhPwLhKNLS8BO+hEpngQlqzw==}

  rimraf@6.1.3:
    resolution: {integrity: sha512-LKg+Cr2ZF61fkcaK1UdkH2yEBBKnYjTyWzTJT6KNPcSPaiT7HSdhtMXQuN5wkTX0Xu72KQ1l8S42rlmexS2hSA==}
    engines: {node: 20 || >=22}
    hasBin: true

  rolldown-plugin-dts@0.25.0:
    resolution: {integrity: sha512-GE3uDZgUuA9l6g+1u928TRmadd5IVhaWiwpWast2kCyLv9tYJJCC6E5HHkV0HGmwC5ZL73xh12/PRZI+KZ2vdQ==}
    engines: {node: ^22.18.0 || >=24.0.0}
    peerDependencies:
      '@ts-macro/tsc': ^0.3.6
      '@typescript/native-preview': '>=7.0.0-dev.20260325.1'
      rolldown: ^1.0.0
      typescript: ^6.0.0
      vue-tsc: ~3.2.0
    peerDependenciesMeta:
      '@ts-macro/tsc':
        optional: true
      '@typescript/native-preview':
        optional: true
      typescript:
        optional: true
      vue-tsc:
        optional: true

  rolldown@1.0.0:
    resolution: {integrity: sha512-yD986aXDESFGS95spT1LAv0jssywP4npMEjmMHyN2/5+eE8qQJUype2AaKkRiLgBgyD0LFlubwAht7VmY8rGoA==}
    engines: {node: ^20.19.0 || >=22.12.0}
    hasBin: true

  rollup@4.60.3:
    resolution: {integrity: sha512-pAQK9HalE84QSm4Po3EmWIZPd3FnjkShVkiMlz1iligWYkWQ7wHYd1PF/T7QZ5TVSD6uSTon5gBVMSM4JfBV+A==}
    engines: {node: '>=18.0.0', npm: '>=8.0.0'}
    hasBin: true

  semver@7.8.0:
    resolution: {integrity: sha512-AcM7dV/5ul4EekoQ29Agm5vri8JNqRyj39o0qpX6vDF2GZrtutZl5RwgD1XnZjiTAfncsJhMI48QQH3sN87YNA==}
    engines: {node: '>=10'}
    hasBin: true

  tinyexec@1.1.2:
    resolution: {integrity: sha512-dAqSqE/RabpBKI8+h26GfLq6Vb3JVXs30XYQjdMjaj/c2tS8IYYMbIzP599KtRj7c57/wYApb3QjgRgXmrCukA==}
    engines: {node: '>=18'}

  tinyglobby@0.2.16:
    resolution: {integrity: sha512-pn99VhoACYR8nFHhxqix+uvsbXineAasWm5ojXoN8xEwK5Kd3/TrhNn1wByuD52UxWRLy8pu+kRMniEi6Eq9Zg==}
    engines: {node: '>=12.0.0'}

  tinypool@2.1.0:
    resolution: {integrity: sha512-Pugqs6M0m7Lv1I7FtxN4aoyToKg1C4tu+/381vH35y8oENM/Ai7f7C4StcoK4/+BSw9ebcS8jRiVrORFKCALLw==}
    engines: {node: ^20.0.0 || >=22.0.0}

  tree-kill@1.2.2:
    resolution: {integrity: sha512-L0Orpi8qGpRG//Nd+H90vFB+3iHnue1zSSGmNOOCh1GLJ7rUKVwV2HvijphGQS2UmhUZewS9VgvxYIdgr+fG1A==}
    hasBin: true

  tsdown@0.22.0:
    resolution: {integrity: sha512-FgW0hHb27nGQA/+F3d5+U9wKXkfilk9DVkc5+7x/ZqF03g+Hoz/eeApT32jqxATt9eRoR+1jxk7MUMON+O4CXw==}
    engines: {node: ^22.18.0 || >=24.0.0}
    hasBin: true
    peerDependencies:
      '@arethetypeswrong/core': ^0.18.1
      '@tsdown/css': 0.22.0
      '@tsdown/exe': 0.22.0
      '@vitejs/devtools': '*'
      publint: ^0.3.8
      tsx: '*'
      typescript: ^5.0.0 || ^6.0.0
      unplugin-unused: ^0.5.0
      unrun: '*'
    peerDependenciesMeta:
      '@arethetypeswrong/core':
        optional: true
      '@tsdown/css':
        optional: true
      '@tsdown/exe':
        optional: true
      '@vitejs/devtools':
        optional: true
      publint:
        optional: true
      tsx:
        optional: true
      typescript:
        optional: true
      unplugin-unused:
        optional: true
      unrun:
        optional: true

  tslib@2.8.1:
    resolution: {integrity: sha512-oJFu94HQb+KVduSUQL7wnpmqnfmLsOA/nAh6b6EH0wCEoK0/mPeXU6c3wKDV83MkOuHPRHtSXKKU99IBazS/2w==}

  typescript@6.0.3:
    resolution: {integrity: sha512-y2TvuxSZPDyQakkFRPZHKFm+KKVqIisdg9/CZwm9ftvKXLP8NRWj38/ODjNbr43SsoXqNuAisEf1GdCxqWcdBw==}
    engines: {node: '>=14.17'}
    hasBin: true

  unconfig-core@7.5.0:
    resolution: {integrity: sha512-Su3FauozOGP44ZmKdHy2oE6LPjk51M/TRRjHv2HNCWiDvfvCoxC2lno6jevMA91MYAdCdwP05QnWdWpSbncX/w==}

snapshots:

  '@babel/generator@8.0.0-rc.4':
    dependencies:
      '@babel/parser': 8.0.0-rc.4
      '@babel/types': 8.0.0-rc.5
      '@jridgewell/gen-mapping': 0.3.13
      '@jridgewell/trace-mapping': 0.3.31
      '@types/jsesc': 2.5.1
      jsesc: 3.1.0

  '@babel/helper-string-parser@8.0.0-rc.5': {}

  '@babel/helper-validator-identifier@8.0.0-rc.4': {}

  '@babel/helper-validator-identifier@8.0.0-rc.5': {}

  '@babel/parser@8.0.0-rc.4':
    dependencies:
      '@babel/types': 8.0.0-rc.5

  '@babel/types@8.0.0-rc.5':
    dependencies:
      '@babel/helper-string-parser': 8.0.0-rc.5
      '@babel/helper-validator-identifier': 8.0.0-rc.5

  '@emnapi/core@1.10.0':
    dependencies:
      '@emnapi/wasi-threads': 1.2.1
      tslib: 2.8.1
    optional: true

  '@emnapi/runtime@1.10.0':
    dependencies:
      tslib: 2.8.1
    optional: true

  '@emnapi/wasi-threads@1.2.1':
    dependencies:
      tslib: 2.8.1
    optional: true

  '@jridgewell/gen-mapping@0.3.13':
    dependencies:
      '@jridgewell/sourcemap-codec': 1.5.5
      '@jridgewell/trace-mapping': 0.3.31

  '@jridgewell/resolve-uri@3.1.2': {}

  '@jridgewell/sourcemap-codec@1.5.5': {}

  '@jridgewell/trace-mapping@0.3.31':
    dependencies:
      '@jridgewell/resolve-uri': 3.1.2
      '@jridgewell/sourcemap-codec': 1.5.5

  '@mr-hope/tsconfig@0.0.4(typescript@6.0.3)':
    dependencies:
      typescript: 6.0.3

  '@napi-rs/wasm-runtime@1.1.4(@emnapi/core@1.10.0)(@emnapi/runtime@1.10.0)':
    dependencies:
      '@emnapi/core': 1.10.0
      '@emnapi/runtime': 1.10.0
      '@tybys/wasm-util': 0.10.2
    optional: true

  '@oxc-project/types@0.129.0': {}

  '@oxfmt/binding-android-arm-eabi@0.49.0':
    optional: true

  '@oxfmt/binding-android-arm64@0.49.0':
    optional: true

  '@oxfmt/binding-darwin-arm64@0.49.0':
    optional: true

  '@oxfmt/binding-darwin-x64@0.49.0':
    optional: true

  '@oxfmt/binding-freebsd-x64@0.49.0':
    optional: true

  '@oxfmt/binding-linux-arm-gnueabihf@0.49.0':
    optional: true

  '@oxfmt/binding-linux-arm-musleabihf@0.49.0':
    optional: true

  '@oxfmt/binding-linux-arm64-gnu@0.49.0':
    optional: true

  '@oxfmt/binding-linux-arm64-musl@0.49.0':
    optional: true

  '@oxfmt/binding-linux-ppc64-gnu@0.49.0':
    optional: true

  '@oxfmt/binding-linux-riscv64-gnu@0.49.0':
    optional: true

  '@oxfmt/binding-linux-riscv64-musl@0.49.0':
    optional: true

  '@oxfmt/binding-linux-s390x-gnu@0.49.0':
    optional: true

  '@oxfmt/binding-linux-x64-gnu@0.49.0':
    optional: true

  '@oxfmt/binding-linux-x64-musl@0.49.0':
    optional: true

  '@oxfmt/binding-openharmony-arm64@0.49.0':
    optional: true

  '@oxfmt/binding-win32-arm64-msvc@0.49.0':
    optional: true

  '@oxfmt/binding-win32-ia32-msvc@0.49.0':
    optional: true

  '@oxfmt/binding-win32-x64-msvc@0.49.0':
    optional: true

  '@oxlint-tsgolint/darwin-arm64@0.22.1':
    optional: true

  '@oxlint-tsgolint/darwin-x64@0.22.1':
    optional: true

  '@oxlint-tsgolint/linux-arm64@0.22.1':
    optional: true

  '@oxlint-tsgolint/linux-x64@0.22.1':
    optional: true

  '@oxlint-tsgolint/win32-arm64@0.22.1':
    optional: true

  '@oxlint-tsgolint/win32-x64@0.22.1':
    optional: true

  '@oxlint/binding-android-arm-eabi@1.64.0':
    optional: true

  '@oxlint/binding-android-arm64@1.64.0':
    optional: true

  '@oxlint/binding-darwin-arm64@1.64.0':
    optional: true

  '@oxlint/binding-darwin-x64@1.64.0':
    optional: true

  '@oxlint/binding-freebsd-x64@1.64.0':
    optional: true

  '@oxlint/binding-linux-arm-gnueabihf@1.64.0':
    optional: true

  '@oxlint/binding-linux-arm-musleabihf@1.64.0':
    optional: true

  '@oxlint/binding-linux-arm64-gnu@1.64.0':
    optional: true

  '@oxlint/binding-linux-arm64-musl@1.64.0':
    optional: true

  '@oxlint/binding-linux-ppc64-gnu@1.64.0':
    optional: true

  '@oxlint/binding-linux-riscv64-gnu@1.64.0':
    optional: true

  '@oxlint/binding-linux-riscv64-musl@1.64.0':
    optional: true

  '@oxlint/binding-linux-s390x-gnu@1.64.0':
    optional: true

  '@oxlint/binding-linux-x64-gnu@1.64.0':
    optional: true

  '@oxlint/binding-linux-x64-musl@1.64.0':
    optional: true

  '@oxlint/binding-openharmony-arm64@1.64.0':
    optional: true

  '@oxlint/binding-win32-arm64-msvc@1.64.0':
    optional: true

  '@oxlint/binding-win32-ia32-msvc@1.64.0':
    optional: true

  '@oxlint/binding-win32-x64-msvc@1.64.0':
    optional: true

  '@quansync/fs@1.0.0':
    dependencies:
      quansync: 1.0.0

  '@rolldown/binding-android-arm64@1.0.0':
    optional: true

  '@rolldown/binding-darwin-arm64@1.0.0':
    optional: true

  '@rolldown/binding-darwin-x64@1.0.0':
    optional: true

  '@rolldown/binding-freebsd-x64@1.0.0':
    optional: true

  '@rolldown/binding-linux-arm-gnueabihf@1.0.0':
    optional: true

  '@rolldown/binding-linux-arm64-gnu@1.0.0':
    optional: true

  '@rolldown/binding-linux-arm64-musl@1.0.0':
    optional: true

  '@rolldown/binding-linux-ppc64-gnu@1.0.0':
    optional: true

  '@rolldown/binding-linux-s390x-gnu@1.0.0':
    optional: true

  '@rolldown/binding-linux-x64-gnu@1.0.0':
    optional: true

  '@rolldown/binding-linux-x64-musl@1.0.0':
    optional: true

  '@rolldown/binding-openharmony-arm64@1.0.0':
    optional: true

  '@rolldown/binding-wasm32-wasi@1.0.0':
    dependencies:
      '@emnapi/core': 1.10.0
      '@emnapi/runtime': 1.10.0
      '@napi-rs/wasm-runtime': 1.1.4(@emnapi/core@1.10.0)(@emnapi/runtime@1.10.0)
    optional: true

  '@rolldown/binding-win32-arm64-msvc@1.0.0':
    optional: true

  '@rolldown/binding-win32-x64-msvc@1.0.0':
    optional: true

  '@rolldown/pluginutils@1.0.0': {}

  '@rollup/rollup-android-arm-eabi@4.60.3':
    optional: true

  '@rollup/rollup-android-arm64@4.60.3':
    optional: true

  '@rollup/rollup-darwin-arm64@4.60.3':
    optional: true

  '@rollup/rollup-darwin-x64@4.60.3':
    optional: true

  '@rollup/rollup-freebsd-arm64@4.60.3':
    optional: true

  '@rollup/rollup-freebsd-x64@4.60.3':
    optional: true

  '@rollup/rollup-linux-arm-gnueabihf@4.60.3':
    optional: true

  '@rollup/rollup-linux-arm-musleabihf@4.60.3':
    optional: true

  '@rollup/rollup-linux-arm64-gnu@4.60.3':
    optional: true

  '@rollup/rollup-linux-arm64-musl@4.60.3':
    optional: true

  '@rollup/rollup-linux-loong64-gnu@4.60.3':
    optional: true

  '@rollup/rollup-linux-loong64-musl@4.60.3':
    optional: true

  '@rollup/rollup-linux-ppc64-gnu@4.60.3':
    optional: true

  '@rollup/rollup-linux-ppc64-musl@4.60.3':
    optional: true

  '@rollup/rollup-linux-riscv64-gnu@4.60.3':
    optional: true

  '@rollup/rollup-linux-riscv64-musl@4.60.3':
    optional: true

  '@rollup/rollup-linux-s390x-gnu@4.60.3':
    optional: true

  '@rollup/rollup-linux-x64-gnu@4.60.3':
    optional: true

  '@rollup/rollup-linux-x64-musl@4.60.3':
    optional: true

  '@rollup/rollup-openbsd-x64@4.60.3':
    optional: true

  '@rollup/rollup-openharmony-arm64@4.60.3':
    optional: true

  '@rollup/rollup-win32-arm64-msvc@4.60.3':
    optional: true

  '@rollup/rollup-win32-ia32-msvc@4.60.3':
    optional: true

  '@rollup/rollup-win32-x64-gnu@4.60.3':
    optional: true

  '@rollup/rollup-win32-x64-msvc@4.60.3':
    optional: true

  '@tybys/wasm-util@0.10.2':
    dependencies:
      tslib: 2.8.1
    optional: true

  '@types/estree@1.0.8': {}

  '@types/estree@1.0.9': {}

  '@types/jsesc@2.5.1': {}

  ansis@4.3.0: {}

  ast-kit@3.0.0-beta.1:
    dependencies:
      '@babel/parser': 8.0.0-rc.4
      estree-walker: 3.0.3
      pathe: 2.0.3

  balanced-match@4.0.4: {}

  birpc@4.0.0: {}

  brace-expansion@5.0.6:
    dependencies:
      balanced-match: 4.0.4

  cac@7.0.0: {}

  defu@6.1.7: {}

  dts-resolver@3.0.0: {}

  empathic@2.0.1: {}

  estree-walker@3.0.3:
    dependencies:
      '@types/estree': 1.0.9

  fdir@6.5.0(picomatch@4.0.4):
    optionalDependencies:
      picomatch: 4.0.4

  fsevents@2.3.3:
    optional: true

  get-tsconfig@5.0.0-beta.5:
    dependencies:
      resolve-pkg-maps: 1.0.0

  glob@13.0.6:
    dependencies:
      minimatch: 10.2.5
      minipass: 7.1.3
      path-scurry: 2.0.2

  hookable@6.1.1: {}

  import-without-cache@0.4.0: {}

  jsesc@3.1.0: {}

  lru-cache@11.3.6: {}

  magic-string@0.30.21:
    dependencies:
      '@jridgewell/sourcemap-codec': 1.5.5

  minimatch@10.2.5:
    dependencies:
      brace-expansion: 5.0.6

  minipass@7.1.3: {}

  obug@2.1.1: {}

  oxc-config-hope@0.3.5(oxfmt@0.49.0)(oxlint-tsgolint@0.22.1)(oxlint@1.64.0(oxlint-tsgolint@0.22.1)):
    optionalDependencies:
      oxfmt: 0.49.0
      oxlint: 1.64.0(oxlint-tsgolint@0.22.1)
      oxlint-tsgolint: 0.22.1

  oxfmt@0.49.0:
    dependencies:
      tinypool: 2.1.0
    optionalDependencies:
      '@oxfmt/binding-android-arm-eabi': 0.49.0
      '@oxfmt/binding-android-arm64': 0.49.0
      '@oxfmt/binding-darwin-arm64': 0.49.0
      '@oxfmt/binding-darwin-x64': 0.49.0
      '@oxfmt/binding-freebsd-x64': 0.49.0
      '@oxfmt/binding-linux-arm-gnueabihf': 0.49.0
      '@oxfmt/binding-linux-arm-musleabihf': 0.49.0
      '@oxfmt/binding-linux-arm64-gnu': 0.49.0
      '@oxfmt/binding-linux-arm64-musl': 0.49.0
      '@oxfmt/binding-linux-ppc64-gnu': 0.49.0
      '@oxfmt/binding-linux-riscv64-gnu': 0.49.0
      '@oxfmt/binding-linux-riscv64-musl': 0.49.0
      '@oxfmt/binding-linux-s390x-gnu': 0.49.0
      '@oxfmt/binding-linux-x64-gnu': 0.49.0
      '@oxfmt/binding-linux-x64-musl': 0.49.0
      '@oxfmt/binding-openharmony-arm64': 0.49.0
      '@oxfmt/binding-win32-arm64-msvc': 0.49.0
      '@oxfmt/binding-win32-ia32-msvc': 0.49.0
      '@oxfmt/binding-win32-x64-msvc': 0.49.0

  oxlint-tsgolint@0.22.1:
    optionalDependencies:
      '@oxlint-tsgolint/darwin-arm64': 0.22.1
      '@oxlint-tsgolint/darwin-x64': 0.22.1
      '@oxlint-tsgolint/linux-arm64': 0.22.1
      '@oxlint-tsgolint/linux-x64': 0.22.1
      '@oxlint-tsgolint/win32-arm64': 0.22.1
      '@oxlint-tsgolint/win32-x64': 0.22.1

  oxlint@1.64.0(oxlint-tsgolint@0.22.1):
    optionalDependencies:
      '@oxlint/binding-android-arm-eabi': 1.64.0
      '@oxlint/binding-android-arm64': 1.64.0
      '@oxlint/binding-darwin-arm64': 1.64.0
      '@oxlint/binding-darwin-x64': 1.64.0
      '@oxlint/binding-freebsd-x64': 1.64.0
      '@oxlint/binding-linux-arm-gnueabihf': 1.64.0
      '@oxlint/binding-linux-arm-musleabihf': 1.64.0
      '@oxlint/binding-linux-arm64-gnu': 1.64.0
      '@oxlint/binding-linux-arm64-musl': 1.64.0
      '@oxlint/binding-linux-ppc64-gnu': 1.64.0
      '@oxlint/binding-linux-riscv64-gnu': 1.64.0
      '@oxlint/binding-linux-riscv64-musl': 1.64.0
      '@oxlint/binding-linux-s390x-gnu': 1.64.0
      '@oxlint/binding-linux-x64-gnu': 1.64.0
      '@oxlint/binding-linux-x64-musl': 1.64.0
      '@oxlint/binding-openharmony-arm64': 1.64.0
      '@oxlint/binding-win32-arm64-msvc': 1.64.0
      '@oxlint/binding-win32-ia32-msvc': 1.64.0
      '@oxlint/binding-win32-x64-msvc': 1.64.0
      oxlint-tsgolint: 0.22.1

  package-json-from-dist@1.0.1: {}

  path-scurry@2.0.2:
    dependencies:
      lru-cache: 11.3.6
      minipass: 7.1.3

  pathe@2.0.3: {}

  picomatch@4.0.4: {}

  quansync@1.0.0: {}

  resolve-pkg-maps@1.0.0: {}

  rimraf@6.1.3:
    dependencies:
      glob: 13.0.6
      package-json-from-dist: 1.0.1

  rolldown-plugin-dts@0.25.0(rolldown@1.0.0)(typescript@6.0.3):
    dependencies:
      '@babel/generator': 8.0.0-rc.4
      '@babel/helper-validator-identifier': 8.0.0-rc.4
      '@babel/parser': 8.0.0-rc.4
      ast-kit: 3.0.0-beta.1
      birpc: 4.0.0
      dts-resolver: 3.0.0
      get-tsconfig: 5.0.0-beta.5
      obug: 2.1.1
      rolldown: 1.0.0
    optionalDependencies:
      typescript: 6.0.3
    transitivePeerDependencies:
      - oxc-resolver

  rolldown@1.0.0:
    dependencies:
      '@oxc-project/types': 0.129.0
      '@rolldown/pluginutils': 1.0.0
    optionalDependencies:
      '@rolldown/binding-android-arm64': 1.0.0
      '@rolldown/binding-darwin-arm64': 1.0.0
      '@rolldown/binding-darwin-x64': 1.0.0
      '@rolldown/binding-freebsd-x64': 1.0.0
      '@rolldown/binding-linux-arm-gnueabihf': 1.0.0
      '@rolldown/binding-linux-arm64-gnu': 1.0.0
      '@rolldown/binding-linux-arm64-musl': 1.0.0
      '@rolldown/binding-linux-ppc64-gnu': 1.0.0
      '@rolldown/binding-linux-s390x-gnu': 1.0.0
      '@rolldown/binding-linux-x64-gnu': 1.0.0
      '@rolldown/binding-linux-x64-musl': 1.0.0
      '@rolldown/binding-openharmony-arm64': 1.0.0
      '@rolldown/binding-wasm32-wasi': 1.0.0
      '@rolldown/binding-win32-arm64-msvc': 1.0.0
      '@rolldown/binding-win32-x64-msvc': 1.0.0

  rollup@4.60.3:
    dependencies:
      '@types/estree': 1.0.8
    optionalDependencies:
      '@rollup/rollup-android-arm-eabi': 4.60.3
      '@rollup/rollup-android-arm64': 4.60.3
      '@rollup/rollup-darwin-arm64': 4.60.3
      '@rollup/rollup-darwin-x64': 4.60.3
      '@rollup/rollup-freebsd-arm64': 4.60.3
      '@rollup/rollup-freebsd-x64': 4.60.3
      '@rollup/rollup-linux-arm-gnueabihf': 4.60.3
      '@rollup/rollup-linux-arm-musleabihf': 4.60.3
      '@rollup/rollup-linux-arm64-gnu': 4.60.3
      '@rollup/rollup-linux-arm64-musl': 4.60.3
      '@rollup/rollup-linux-loong64-gnu': 4.60.3
      '@rollup/rollup-linux-loong64-musl': 4.60.3
      '@rollup/rollup-linux-ppc64-gnu': 4.60.3
      '@rollup/rollup-linux-ppc64-musl': 4.60.3
      '@rollup/rollup-linux-riscv64-gnu': 4.60.3
      '@rollup/rollup-linux-riscv64-musl': 4.60.3
      '@rollup/rollup-linux-s390x-gnu': 4.60.3
      '@rollup/rollup-linux-x64-gnu': 4.60.3
      '@rollup/rollup-linux-x64-musl': 4.60.3
      '@rollup/rollup-openbsd-x64': 4.60.3
      '@rollup/rollup-openharmony-arm64': 4.60.3
      '@rollup/rollup-win32-arm64-msvc': 4.60.3
      '@rollup/rollup-win32-ia32-msvc': 4.60.3
      '@rollup/rollup-win32-x64-gnu': 4.60.3
      '@rollup/rollup-win32-x64-msvc': 4.60.3
      fsevents: 2.3.3

  semver@7.8.0: {}

  tinyexec@1.1.2: {}

  tinyglobby@0.2.16:
    dependencies:
      fdir: 6.5.0(picomatch@4.0.4)
      picomatch: 4.0.4

  tinypool@2.1.0: {}

  tree-kill@1.2.2: {}

  tsdown@0.22.0(typescript@6.0.3):
    dependencies:
      ansis: 4.3.0
      cac: 7.0.0
      defu: 6.1.7
      empathic: 2.0.1
      hookable: 6.1.1
      import-without-cache: 0.4.0
      obug: 2.1.1
      picomatch: 4.0.4
      rolldown: 1.0.0
      rolldown-plugin-dts: 0.25.0(rolldown@1.0.0)(typescript@6.0.3)
      semver: 7.8.0
      tinyexec: 1.1.2
      tinyglobby: 0.2.16
      tree-kill: 1.2.2
      unconfig-core: 7.5.0
    optionalDependencies:
      typescript: 6.0.3
    transitivePeerDependencies:
      - '@ts-macro/tsc'
      - '@typescript/native-preview'
      - oxc-resolver
      - vue-tsc

  tslib@2.8.1:
    optional: true

  typescript@6.0.3: {}

  unconfig-core@7.5.0:
    dependencies:
      '@quansync/fs': 1.0.0
      quansync: 1.0.0
